
Microsoft Visual Studio Solution File, Format Version 12.00
# Visual Studio Version 17
VisualStudioVersion = 17.10.35027.167
MinimumVisualStudioVersion = 10.0.40219.1
Project("{FAE04EC0-301F-11D3-BF4B-00C04F79EFBC}") = "Ejercicio2_Guia_Bloque1", "Ejercicio2_Guia_Bloque1\Ejercicio2_Guia_Bloque1.csproj", "{92E876B3-47EA-455B-A6C3-6DB6B4C75E76}"
EndProject
Global
	GlobalSection(SolutionConfigurationPlatforms) = preSolution
		Debug|Any CPU = Debug|Any CPU
		Release|Any CPU = Release|Any CPU
	EndGlobalSection
	GlobalSection(ProjectConfigurationPlatforms) = postSolution
		{92E876B3-47EA-455B-A6C3-6DB6B4C75E76}.Debug|Any CPU.ActiveCfg = Debug|Any CPU
		{92E876B3-47EA-455B-A6C3-6DB6B4C75E76}.Debug|Any CPU.Build.0 = Debug|Any CPU
		{92E876B3-47EA-455B-A6C3-6DB6B4C75E76}.Release|Any CPU.ActiveCfg = Release|Any CPU
		{92E876B3-47EA-455B-A6C3-6DB6B4C75E76}.Release|Any CPU.Build.0 = Release|Any CPU
	EndGlobalSection
	GlobalSection(SolutionProperties) = preSolution
		HideSolutionNode = FALSE
	EndGlobalSection
	GlobalSection(ExtensibilityGlobals) = postSolution
		SolutionGuid = {1CEF4463-BC6E-4BB8-BB60-FC3CC864846E}
	EndGlobalSection
EndGlobal
