
Microsoft Visual Studio Solution File, Format Version 12.00
# Visual Studio Version 17
VisualStudioVersion = 17.10.35027.167
MinimumVisualStudioVersion = 10.0.40219.1
Project("{FAE04EC0-301F-11D3-BF4B-00C04F79EFBC}") = "Ejecicio3_Guia_Bloque1", "Ejecicio3_Guia_Bloque1\Ejecicio3_Guia_Bloque1.csproj", "{1171EA47-5BC1-4C38-956F-5DCC2DB30CF1}"
EndProject
Global
	GlobalSection(SolutionConfigurationPlatforms) = preSolution
		Debug|Any CPU = Debug|Any CPU
		Release|Any CPU = Release|Any CPU
	EndGlobalSection
	GlobalSection(ProjectConfigurationPlatforms) = postSolution
		{1171EA47-5BC1-4C38-956F-5DCC2DB30CF1}.Debug|Any CPU.ActiveCfg = Debug|Any CPU
		{1171EA47-5BC1-4C38-956F-5DCC2DB30CF1}.Debug|Any CPU.Build.0 = Debug|Any CPU
		{1171EA47-5BC1-4C38-956F-5DCC2DB30CF1}.Release|Any CPU.ActiveCfg = Release|Any CPU
		{1171EA47-5BC1-4C38-956F-5DCC2DB30CF1}.Release|Any CPU.Build.0 = Release|Any CPU
	EndGlobalSection
	GlobalSection(SolutionProperties) = preSolution
		HideSolutionNode = FALSE
	EndGlobalSection
	GlobalSection(ExtensibilityGlobals) = postSolution
		SolutionGuid = {0382A01D-3850-4ECC-A348-7D3A563F6881}
	EndGlobalSection
EndGlobal
